<?xml version="1.0" encoding="utf-8"?>
<Project ToolsVersion="4.0" xmlns="http://schemas.microsoft.com/developer/msbuild/2003">
  <ItemGroup>
    <Filter Include="Source Files">
      <UniqueIdentifier>{4FC737F1-C7A5-4376-A066-2A32D752A2FF}</UniqueIdentifier>
      <Extensions>cpp;c;cc;cxx;def;odl;idl;hpj;bat;asm;asmx</Extensions>
    </Filter>
    <Filter Include="Header Files">
      <UniqueIdentifier>{93995380-89BD-4b04-88EB-625FBE52EBFB}</UniqueIdentifier>
      <Extensions>h;hh;hpp;hxx;hm;inl;inc;xsd</Extensions>
    </Filter>
    <Filter Include="Resource Files">
      <UniqueIdentifier>{67DA6AB6-F800-4c08-8B7A-83BB121AAD01}</UniqueIdentifier>
      <Extensions>rc;ico;cur;bmp;dlg;rc2;rct;bin;rgs;gif;jpg;jpeg;jpe;resx;tiff;tif;png;wav;mfcribbon-ms</Extensions>
    </Filter>
    <Filter Include="Resource Files\Images">
      <UniqueIdentifier>{5c8a29e0-2d9d-4fbb-a5eb-c30a0788f8b8}</UniqueIdentifier>
    </Filter>
    <Filter Include="Resource Files\sfml">
      <UniqueIdentifier>{e9658a90-04f3-44b7-beb5-b7b0cd6dedbe}</UniqueIdentifier>
    </Filter>
    <Filter Include="Header Files\Game">
      <UniqueIdentifier>{420e21fa-732b-43c2-9be3-3881fe94f7b8}</UniqueIdentifier>
    </Filter>
    <Filter Include="Source Files\Levels">
      <UniqueIdentifier>{38267494-ea1e-4630-a8a8-2dae726497d8}</UniqueIdentifier>
    </Filter>
    <Filter Include="Source Files\Main">
      <UniqueIdentifier>{1729db0f-58fe-4112-b534-30c4abb0cd4f}</UniqueIdentifier>
    </Filter>
    <Filter Include="Source Files\Game">
      <UniqueIdentifier>{1afa85bf-ec02-44fe-b335-21d06e9b96ad}</UniqueIdentifier>
    </Filter>
    <Filter Include="Header Files\Levels">
      <UniqueIdentifier>{998a9bf1-9b3f-4a32-a7a7-255fcda4f472}</UniqueIdentifier>
    </Filter>
    <Filter Include="Header Files\Main">
      <UniqueIdentifier>{0b93ed8c-ab88-4157-9964-d24edab11053}</UniqueIdentifier>
    </Filter>
    <Filter Include="Header Files\Menus">
      <UniqueIdentifier>{28247f36-3c85-46e6-945e-b34ac0b707e9}</UniqueIdentifier>
    </Filter>
    <Filter Include="Source Files\Menus">
      <UniqueIdentifier>{74ae7e10-3765-4f5d-89a2-492414295d9a}</UniqueIdentifier>
    </Filter>
  </ItemGroup>
  <ItemGroup>
    <ClInclude Include="Game.h">
      <Filter>Header Files\Game</Filter>
    </ClInclude>
    <ClInclude Include="LevelCreator.h">
      <Filter>Header Files\Game</Filter>
    </ClInclude>
    <ClInclude Include="SplashScreen.h">
      <Filter>Header Files\Game</Filter>
    </ClInclude>
    <ClInclude Include="Window.h">
      <Filter>Header Files\Main</Filter>
    </ClInclude>
    <ClInclude Include="VisibleGameObject.h">
      <Filter>Header Files\Main</Filter>
    </ClInclude>
    <ClInclude Include="targetver.h">
      <Filter>Header Files\Main</Filter>
    </ClInclude>
    <ClInclude Include="stdafx.h">
      <Filter>Header Files\Main</Filter>
    </ClInclude>
    <ClInclude Include="ObjectManager.h">
      <Filter>Header Files\Main</Filter>
    </ClInclude>
    <ClInclude Include="Door.h">
      <Filter>Header Files\Levels</Filter>
    </ClInclude>
    <ClInclude Include="Tile.h">
      <Filter>Header Files\Levels</Filter>
    </ClInclude>
    <ClInclude Include="Player.h">
      <Filter>Header Files\Levels</Filter>
    </ClInclude>
    <ClInclude Include="Level.h">
      <Filter>Header Files\Levels</Filter>
    </ClInclude>
    <ClInclude Include="ScoreEntry.h">
      <Filter>Header Files\Game</Filter>
    </ClInclude>
    <ClInclude Include="Button.h">
      <Filter>Header Files\Menus</Filter>
    </ClInclude>
    <ClInclude Include="NameEntry.h">
      <Filter>Header Files\Menus</Filter>
    </ClInclude>
    <ClInclude Include="Menu.h">
      <Filter>Header Files\Menus</Filter>
    </ClInclude>
    <ClInclude Include="Pause.h">
      <Filter>Header Files\Menus</Filter>
    </ClInclude>
    <ClInclude Include="EndOfLevel.h">
      <Filter>Header Files\Menus</Filter>
    </ClInclude>
    <ClInclude Include="ScoreHandler.h">
      <Filter>Header Files\Game</Filter>
    </ClInclude>
    <ClInclude Include="Highscore.h">
      <Filter>Header Files\Menus</Filter>
    </ClInclude>
  </ItemGroup>
  <ItemGroup>
    <ClCompile Include="Level.cpp">
      <Filter>Source Files\Levels</Filter>
    </ClCompile>
    <ClCompile Include="Player.cpp">
      <Filter>Source Files\Levels</Filter>
    </ClCompile>
    <ClCompile Include="Tile.cpp">
      <Filter>Source Files\Levels</Filter>
    </ClCompile>
    <ClCompile Include="Door.cpp">
      <Filter>Source Files\Levels</Filter>
    </ClCompile>
    <ClCompile Include="LevelCreator.cpp">
      <Filter>Source Files\Game</Filter>
    </ClCompile>
    <ClCompile Include="AHGame.cpp">
      <Filter>Source Files\Main</Filter>
    </ClCompile>
    <ClCompile Include="ObjectManager.cpp">
      <Filter>Source Files\Main</Filter>
    </ClCompile>
    <ClCompile Include="VisibleGameObject.cpp">
      <Filter>Source Files\Main</Filter>
    </ClCompile>
    <ClCompile Include="Window.cpp">
      <Filter>Source Files\Main</Filter>
    </ClCompile>
    <ClCompile Include="stdafx.cpp">
      <Filter>Source Files\Main</Filter>
    </ClCompile>
    <ClCompile Include="Game.cpp">
      <Filter>Source Files\Game</Filter>
    </ClCompile>
    <ClCompile Include="SplashScreen.cpp">
      <Filter>Source Files\Game</Filter>
    </ClCompile>
    <ClCompile Include="ScoreEntry.cpp">
      <Filter>Source Files\Game</Filter>
    </ClCompile>
    <ClCompile Include="Button.cpp">
      <Filter>Source Files\Menus</Filter>
    </ClCompile>
    <ClCompile Include="NameEntry.cpp">
      <Filter>Source Files\Menus</Filter>
    </ClCompile>
    <ClCompile Include="Menu.cpp">
      <Filter>Source Files\Menus</Filter>
    </ClCompile>
    <ClCompile Include="Pause.cpp">
      <Filter>Source Files\Menus</Filter>
    </ClCompile>
    <ClCompile Include="EndOfLevel.cpp">
      <Filter>Source Files\Menus</Filter>
    </ClCompile>
    <ClCompile Include="ScoreHandler.cpp">
      <Filter>Source Files\Game</Filter>
    </ClCompile>
    <ClCompile Include="Highscore.cpp">
      <Filter>Source Files\Menus</Filter>
    </ClCompile>
  </ItemGroup>
  <ItemGroup>
    <None Include="openal32.dll">
      <Filter>Resource Files\sfml</Filter>
    </None>
    <None Include="sfml-audio-2.dll">
      <Filter>Resource Files\sfml</Filter>
    </None>
    <None Include="sfml-audio-d-2.dll">
      <Filter>Resource Files\sfml</Filter>
    </None>
    <None Include="sfml-graphics-2.dll">
      <Filter>Resource Files\sfml</Filter>
    </None>
    <None Include="sfml-graphics-d-2.dll">
      <Filter>Resource Files\sfml</Filter>
    </None>
    <None Include="sfml-network-2.dll">
      <Filter>Resource Files\sfml</Filter>
    </None>
    <None Include="sfml-network-d-2.dll">
      <Filter>Resource Files\sfml</Filter>
    </None>
    <None Include="sfml-system-2.dll">
      <Filter>Resource Files\sfml</Filter>
    </None>
    <None Include="sfml-system-d-2.dll">
      <Filter>Resource Files\sfml</Filter>
    </None>
    <None Include="sfml-window-2.dll">
      <Filter>Resource Files\sfml</Filter>
    </None>
    <None Include="sfml-window-d-2.dll">
      <Filter>Resource Files\sfml</Filter>
    </None>
  </ItemGroup>
  <ItemGroup>
    <Image Include="menu.png">
      <Filter>Resource Files\Images</Filter>
    </Image>
  </ItemGroup>
</Project>